
Microsoft Visual Studio Solution File, Format Version 12.00
# Visual Studio 15
VisualStudioVersion = 15.0.28010.2046
MinimumVisualStudioVersion = 10.0.40219.1
Project("{FAE04EC0-301F-11D3-BF4B-00C04F79EFBC}") = "BinaryDependencyPropagator", "BinaryDependencyPropagator\BinaryDependencyPropagator.csproj", "{5ACDE97D-2C28-4C1A-BC65-5157E5E1E2E5}"
EndProject
Project("{FAE04EC0-301F-11D3-BF4B-00C04F79EFBC}") = "BinaryDependencyPropagator.Tests", "BinaryDependencyPropagator.Tests\BinaryDependencyPropagator.Tests.csproj", "{45625218-8ED5-44CE-994F-C48AF8A58A78}"
EndProject
Global
	GlobalSection(SolutionConfigurationPlatforms) = preSolution
		Debug|Any CPU = Debug|Any CPU
		Release|Any CPU = Release|Any CPU
	EndGlobalSection
	GlobalSection(ProjectConfigurationPlatforms) = postSolution
		{5ACDE97D-2C28-4C1A-BC65-5157E5E1E2E5}.Debug|Any CPU.ActiveCfg = Debug|Any CPU
		{5ACDE97D-2C28-4C1A-BC65-5157E5E1E2E5}.Debug|Any CPU.Build.0 = Debug|Any CPU
		{5ACDE97D-2C28-4C1A-BC65-5157E5E1E2E5}.Release|Any CPU.ActiveCfg = Release|Any CPU
		{5ACDE97D-2C28-4C1A-BC65-5157E5E1E2E5}.Release|Any CPU.Build.0 = Release|Any CPU
		{45625218-8ED5-44CE-994F-C48AF8A58A78}.Debug|Any CPU.ActiveCfg = Debug|Any CPU
		{45625218-8ED5-44CE-994F-C48AF8A58A78}.Debug|Any CPU.Build.0 = Debug|Any CPU
		{45625218-8ED5-44CE-994F-C48AF8A58A78}.Release|Any CPU.ActiveCfg = Release|Any CPU
		{45625218-8ED5-44CE-994F-C48AF8A58A78}.Release|Any CPU.Build.0 = Release|Any CPU
	EndGlobalSection
	GlobalSection(SolutionProperties) = preSolution
		HideSolutionNode = FALSE
	EndGlobalSection
	GlobalSection(ExtensibilityGlobals) = postSolution
		SolutionGuid = {50617DB1-45B8-4AA1-BDE5-AEC55F341882}
	EndGlobalSection
EndGlobal
